// !$*UTF8*$!
{
	archiveVersion = 1;
	classes = {
	};
	objectVersion = 77;
	objects = {

/* Begin PBXBuildFile section */
		02AF4B1B278F4C94875598F9 /* RemoteSecurity.swift in Sources */ = {isa = PBXBuildFile; fileRef = 57DA0D76F0E982E9BF06F4F6 /* RemoteSecurity.swift */; };
		02CA12748FB8F4A4C2C06074 /* PluginMarketplaceView.swift in Sources */ = {isa = PBXBuildFile; fileRef = 89E6CE20556E7DC65AB45AC7 /* PluginMarketplaceView.swift */; };
		0E8424D8B1E553034B777184 /* NativeCapabilities.swift in Sources */ = {isa = PBXBuildFile; fileRef = 17E93AB49A07A70716CB7132 /* NativeCapabilities.swift */; };
		0FE1116E1212D6A73DE534C7 /* KiwiOSApp.swift in Sources */ = {isa = PBXBuildFile; fileRef = 6B3056A09229B102CF74591D /* KiwiOSApp.swift */; };
		10002320F984A8A66E47071E /* HubRemote.swift in Sources */ = {isa = PBXBuildFile; fileRef = 594C1771CBF0E7B4580C1522 /* HubRemote.swift */; };
		123EF50506087F4B773DE2BB /* GRDB in Frameworks */ = {isa = PBXBuildFile; productRef = 1F1CA38591B3D2A7B5446FB5 /* GRDB */; };
		183896FA7C4DBFE188A20E52 /* PluginPolicy.swift in Sources */ = {isa = PBXBuildFile; fileRef = E427BC5710BD9D2BD75A7C77 /* PluginPolicy.swift */; };
		18A22C518AAC88BF15680B7D /* catalog in Resources */ = {isa = PBXBuildFile; fileRef = 91AB0AEA63D51832C3458B47 /* catalog */; };
		1C3EFEDE94DA2FBE3F5CD8C4 /* PluginConfiguration.swift in Sources */ = {isa = PBXBuildFile; fileRef = 5C47B8370498E743C0E4C8CE /* PluginConfiguration.swift */; };
		256C07C2234E8748C3CB58DF /* HubPresentation.swift in Sources */ = {isa = PBXBuildFile; fileRef = 2FB72927288A3AEF26A09017 /* HubPresentation.swift */; };
		2804714BBB3FDB54F774FD12 /* RemoteAccessPanel.swift in Sources */ = {isa = PBXBuildFile; fileRef = B1C3231A4FE65010F4A5F618 /* RemoteAccessPanel.swift */; };
		35CF8D49B39DFA05E0EC5EF7 /* PluginContracts.swift in Sources */ = {isa = PBXBuildFile; fileRef = 027742968FDE49F4D3116E31 /* PluginContracts.swift */; };
		3968916EFEA60116ED8CA63E /* plugins in Resources */ = {isa = PBXBuildFile; fileRef = 9770E5B2876C93010320E948 /* plugins */; };
		4268653B4FAF4705D595B7D4 /* PluginCatalog.swift in Sources */ = {isa = PBXBuildFile; fileRef = 4CB1B98A7F75B672786150E8 /* PluginCatalog.swift */; };
		4D42F80F564C3E1A85A303C1 /* Hummingbird in Frameworks */ = {isa = PBXBuildFile; productRef = F8A4BB9B6DF7D64EDAB87A38 /* Hummingbird */; };
		628009FEE273526A34ECDCCE /* Runtime.swift in Sources */ = {isa = PBXBuildFile; fileRef = 2E7256EE2DB7EACFE92CDD81 /* Runtime.swift */; };
		65071EC248D395B662385171 /* WatcherTests.swift in Sources */ = {isa = PBXBuildFile; fileRef = A608E88E8CE98FD4E9459CFA /* WatcherTests.swift */; };
		69A09016CAD16E2910561818 /* PluginInstaller.swift in Sources */ = {isa = PBXBuildFile; fileRef = E39E16C4C7E74259DC4AF04A /* PluginInstaller.swift */; };
		6AEE24CB2FA32EAC8ACD364E /* Subprocess in Frameworks */ = {isa = PBXBuildFile; productRef = 9308985B7C41FDD90F9B4FA5 /* Subprocess */; };
		72A292086BC3CCA8D4DA3887 /* HubRuntime.swift in Sources */ = {isa = PBXBuildFile; fileRef = 59782C166183299A221E0A8B /* HubRuntime.swift */; };
		797EC3EAC0744FB0BB5E2388 /* RuntimeTests.swift in Sources */ = {isa = PBXBuildFile; fileRef = A79F328211F039186E5D2162 /* RuntimeTests.swift */; };
		8A1BBB812637590442D1FD97 /* JobQueue.swift in Sources */ = {isa = PBXBuildFile; fileRef = 82B07E50E74B46D1B0C24FB5 /* JobQueue.swift */; };
		91DD08A8D4837ED308035DC7 /* PluginContentView.swift in Sources */ = {isa = PBXBuildFile; fileRef = 1EE2D12A3FFAD9A72ABE36A2 /* PluginContentView.swift */; };
		992BF122FAAA776B9FF60E85 /* HubSettingsView.swift in Sources */ = {isa = PBXBuildFile; fileRef = 1510FFE07F263B0B0F1F4313 /* HubSettingsView.swift */; };
		A6610303B05CA61616A05352 /* PluginManifest.swift in Sources */ = {isa = PBXBuildFile; fileRef = 04963A16F368B506B6DC1DD9 /* PluginManifest.swift */; };
		A6BD16D86BEF58E8CFFEBF89 /* TOMLDecoder in Frameworks */ = {isa = PBXBuildFile; productRef = 82C00C3B95129F44AFC39F27 /* TOMLDecoder */; };
		A84134F204EE2FCABA317739 /* app-icon.icon in Resources */ = {isa = PBXBuildFile; fileRef = 43FCFAF3207E0FE11C203983 /* app-icon.icon */; };
		AC267A0C1D5979D13AEE8344 /* Persistence.swift in Sources */ = {isa = PBXBuildFile; fileRef = 25F71E7F8F672A33E59EEE7F /* Persistence.swift */; };
		AFA2B318D781D734F5A49EEF /* PluginDiscovery.swift in Sources */ = {isa = PBXBuildFile; fileRef = 37F47A0E9551777CA7459FAE /* PluginDiscovery.swift */; };
		B23D6EEEBB614059D9FD2435 /* ManifestContractCompletionTests.swift in Sources */ = {isa = PBXBuildFile; fileRef = 4F3B72EAD276CA457A847DE7 /* ManifestContractCompletionTests.swift */; };
		C889E1BBF2B8CE4EC00232BE /* HubIntegrations.swift in Sources */ = {isa = PBXBuildFile; fileRef = 85450F213B7D38822F2A8021 /* HubIntegrations.swift */; };
		CA299375462EE2B958989545 /* HostDoctor.swift in Sources */ = {isa = PBXBuildFile; fileRef = 95ADCBF900B92EE881FBF427 /* HostDoctor.swift */; };
		CB8B73C148B0E1DBB8782BC7 /* ManifestValidationTests.swift in Sources */ = {isa = PBXBuildFile; fileRef = F04A1FF3D99D5AE196C6E03D /* ManifestValidationTests.swift */; };
		D56C30418B862E4BABB1D30D /* Web in Resources */ = {isa = PBXBuildFile; fileRef = 61F441D2631DA2845758BAD0 /* Web */; };
		DE7ECAC3E424BFE00C8A9D50 /* RemoteServer.swift in Sources */ = {isa = PBXBuildFile; fileRef = 95926081BA99F4CEE1C036A0 /* RemoteServer.swift */; };
		E07A5FB411986C8431A340A2 /* TailscaleService.swift in Sources */ = {isa = PBXBuildFile; fileRef = 0BA53479E7A50E785653D880 /* TailscaleService.swift */; };
		E5634E743756B0C8368E84AC /* PluginManagementView.swift in Sources */ = {isa = PBXBuildFile; fileRef = FFB43AED45605BE0AEA4B416 /* PluginManagementView.swift */; };
		EB10A507E979B2DB6D1B1852 /* Watcher.swift in Sources */ = {isa = PBXBuildFile; fileRef = C728B89FB7420C5353A4C8AE /* Watcher.swift */; };
		EE76F856DCD99C52308EB2C7 /* PluginConfigSchema.swift in Sources */ = {isa = PBXBuildFile; fileRef = 66F07AA66ACE80EE64BE9B2F /* PluginConfigSchema.swift */; };
/* End PBXBuildFile section */

/* Begin PBXContainerItemProxy section */
		223523D9CE58B77A18B6900B /* PBXContainerItemProxy */ = {
			isa = PBXContainerItemProxy;
			containerPortal = AD52FCDAFC7F01D3843AA410 /* Project object */;
			proxyType = 1;
			remoteGlobalIDString = 038F37A48AC7AB5479D5B297;
			remoteInfo = KiwiOS;
		};
/* End PBXContainerItemProxy section */

/* Begin PBXFileReference section */
		027742968FDE49F4D3116E31 /* PluginContracts.swift */ = {isa = PBXFileReference; lastKnownFileType = sourcecode.swift; path = PluginContracts.swift; sourceTree = "<group>"; };
		04963A16F368B506B6DC1DD9 /* PluginManifest.swift */ = {isa = PBXFileReference; lastKnownFileType = sourcecode.swift; path = PluginManifest.swift; sourceTree = "<group>"; };
		0BA53479E7A50E785653D880 /* TailscaleService.swift */ = {isa = PBXFileReference; lastKnownFileType = sourcecode.swift; path = TailscaleService.swift; sourceTree = "<group>"; };
		1510FFE07F263B0B0F1F4313 /* HubSettingsView.swift */ = {isa = PBXFileReference; lastKnownFileType = sourcecode.swift; path = HubSettingsView.swift; sourceTree = "<group>"; };
		17E93AB49A07A70716CB7132 /* NativeCapabilities.swift */ = {isa = PBXFileReference; lastKnownFileType = sourcecode.swift; path = NativeCapabilities.swift; sourceTree = "<group>"; };
		1EE2D12A3FFAD9A72ABE36A2 /* PluginContentView.swift */ = {isa = PBXFileReference; lastKnownFileType = sourcecode.swift; path = PluginContentView.swift; sourceTree = "<group>"; };
		25F71E7F8F672A33E59EEE7F /* Persistence.swift */ = {isa = PBXFileReference; lastKnownFileType = sourcecode.swift; path = Persistence.swift; sourceTree = "<group>"; };
		2E7256EE2DB7EACFE92CDD81 /* Runtime.swift */ = {isa = PBXFileReference; lastKnownFileType = sourcecode.swift; path = Runtime.swift; sourceTree = "<group>"; };
		2FB72927288A3AEF26A09017 /* HubPresentation.swift */ = {isa = PBXFileReference; lastKnownFileType = sourcecode.swift; path = HubPresentation.swift; sourceTree = "<group>"; };
		37F47A0E9551777CA7459FAE /* PluginDiscovery.swift */ = {isa = PBXFileReference; lastKnownFileType = sourcecode.swift; path = PluginDiscovery.swift; sourceTree = "<group>"; };
		43FCFAF3207E0FE11C203983 /* app-icon.icon */ = {isa = PBXFileReference; lastKnownFileType = wrapper.icon; path = "app-icon.icon"; sourceTree = "<group>"; };
		4CB1B98A7F75B672786150E8 /* PluginCatalog.swift */ = {isa = PBXFileReference; lastKnownFileType = sourcecode.swift; path = PluginCatalog.swift; sourceTree = "<group>"; };
		4F3B72EAD276CA457A847DE7 /* ManifestContractCompletionTests.swift */ = {isa = PBXFileReference; lastKnownFileType = sourcecode.swift; path = ManifestContractCompletionTests.swift; sourceTree = "<group>"; };
		57DA0D76F0E982E9BF06F4F6 /* RemoteSecurity.swift */ = {isa = PBXFileReference; lastKnownFileType = sourcecode.swift; path = RemoteSecurity.swift; sourceTree = "<group>"; };
		594C1771CBF0E7B4580C1522 /* HubRemote.swift */ = {isa = PBXFileReference; lastKnownFileType = sourcecode.swift; path = HubRemote.swift; sourceTree = "<group>"; };
		59782C166183299A221E0A8B /* HubRuntime.swift */ = {isa = PBXFileReference; lastKnownFileType = sourcecode.swift; path = HubRuntime.swift; sourceTree = "<group>"; };
		5C47B8370498E743C0E4C8CE /* PluginConfiguration.swift */ = {isa = PBXFileReference; lastKnownFileType = sourcecode.swift; path = PluginConfiguration.swift; sourceTree = "<group>"; };
		61F441D2631DA2845758BAD0 /* Web */ = {isa = PBXFileReference; lastKnownFileType = folder; name = Web; path = KiwiOS/Web; sourceTree = SOURCE_ROOT; };
		66F07AA66ACE80EE64BE9B2F /* PluginConfigSchema.swift */ = {isa = PBXFileReference; lastKnownFileType = sourcecode.swift; path = PluginConfigSchema.swift; sourceTree = "<group>"; };
		6B3056A09229B102CF74591D /* KiwiOSApp.swift */ = {isa = PBXFileReference; lastKnownFileType = sourcecode.swift; path = KiwiOSApp.swift; sourceTree = "<group>"; };
		82B07E50E74B46D1B0C24FB5 /* JobQueue.swift */ = {isa = PBXFileReference; lastKnownFileType = sourcecode.swift; path = JobQueue.swift; sourceTree = "<group>"; };
		85450F213B7D38822F2A8021 /* HubIntegrations.swift */ = {isa = PBXFileReference; lastKnownFileType = sourcecode.swift; path = HubIntegrations.swift; sourceTree = "<group>"; };
		89E6CE20556E7DC65AB45AC7 /* PluginMarketplaceView.swift */ = {isa = PBXFileReference; lastKnownFileType = sourcecode.swift; path = PluginMarketplaceView.swift; sourceTree = "<group>"; };
		91AB0AEA63D51832C3458B47 /* catalog */ = {isa = PBXFileReference; lastKnownFileType = folder; path = catalog; sourceTree = SOURCE_ROOT; };
		95926081BA99F4CEE1C036A0 /* RemoteServer.swift */ = {isa = PBXFileReference; lastKnownFileType = sourcecode.swift; path = RemoteServer.swift; sourceTree = "<group>"; };
		95ADCBF900B92EE881FBF427 /* HostDoctor.swift */ = {isa = PBXFileReference; lastKnownFileType = sourcecode.swift; path = HostDoctor.swift; sourceTree = "<group>"; };
		9770E5B2876C93010320E948 /* plugins */ = {isa = PBXFileReference; lastKnownFileType = folder; path = plugins; sourceTree = SOURCE_ROOT; };
		A608E88E8CE98FD4E9459CFA /* WatcherTests.swift */ = {isa = PBXFileReference; lastKnownFileType = sourcecode.swift; path = WatcherTests.swift; sourceTree = "<group>"; };
		A79F328211F039186E5D2162 /* RuntimeTests.swift */ = {isa = PBXFileReference; lastKnownFileType = sourcecode.swift; path = RuntimeTests.swift; sourceTree = "<group>"; };
		B1C3231A4FE65010F4A5F618 /* RemoteAccessPanel.swift */ = {isa = PBXFileReference; lastKnownFileType = sourcecode.swift; path = RemoteAccessPanel.swift; sourceTree = "<group>"; };
		C728B89FB7420C5353A4C8AE /* Watcher.swift */ = {isa = PBXFileReference; lastKnownFileType = sourcecode.swift; path = Watcher.swift; sourceTree = "<group>"; };
		E39E16C4C7E74259DC4AF04A /* PluginInstaller.swift */ = {isa = PBXFileReference; lastKnownFileType = sourcecode.swift; path = PluginInstaller.swift; sourceTree = "<group>"; };
		E427BC5710BD9D2BD75A7C77 /* PluginPolicy.swift */ = {isa = PBXFileReference; lastKnownFileType = sourcecode.swift; path = PluginPolicy.swift; sourceTree = "<group>"; };
		E6ADF401BBDC57A95EC16E04 /* KiwiOSTests.xctest */ = {isa = PBXFileReference; explicitFileType = wrapper.cfbundle; includeInIndex = 0; path = KiwiOSTests.xctest; sourceTree = BUILT_PRODUCTS_DIR; };
		EFA05AE9A34304E309E73BB3 /* KiwiOS.app */ = {isa = PBXFileReference; explicitFileType = wrapper.application; includeInIndex = 0; path = KiwiOS.app; sourceTree = BUILT_PRODUCTS_DIR; };
		F04A1FF3D99D5AE196C6E03D /* ManifestValidationTests.swift */ = {isa = PBXFileReference; lastKnownFileType = sourcecode.swift; path = ManifestValidationTests.swift; sourceTree = "<group>"; };
		FFB43AED45605BE0AEA4B416 /* PluginManagementView.swift */ = {isa = PBXFileReference; lastKnownFileType = sourcecode.swift; path = PluginManagementView.swift; sourceTree = "<group>"; };
/* End PBXFileReference section */

/* Begin PBXFrameworksBuildPhase section */
		EE97BB124F3155B1243D9B10 /* Frameworks */ = {
			isa = PBXFrameworksBuildPhase;
			buildActionMask = 2147483647;
			files = (
				4D42F80F564C3E1A85A303C1 /* Hummingbird in Frameworks */,
				123EF50506087F4B773DE2BB /* GRDB in Frameworks */,
				6AEE24CB2FA32EAC8ACD364E /* Subprocess in Frameworks */,
				A6BD16D86BEF58E8CFFEBF89 /* TOMLDecoder in Frameworks */,
			);
			runOnlyForDeploymentPostprocessing = 0;
		};
/* End PBXFrameworksBuildPhase section */

/* Begin PBXGroup section */
		85046B06ABD3D57E9BCBDD1E /* Products */ = {
			isa = PBXGroup;
			children = (
				EFA05AE9A34304E309E73BB3 /* KiwiOS.app */,
				E6ADF401BBDC57A95EC16E04 /* KiwiOSTests.xctest */,
			);
			name = Products;
			sourceTree = "<group>";
		};
		B0F84790EF341CB1B8541F43 /* KiwiOSTests */ = {
			isa = PBXGroup;
			children = (
				4F3B72EAD276CA457A847DE7 /* ManifestContractCompletionTests.swift */,
				F04A1FF3D99D5AE196C6E03D /* ManifestValidationTests.swift */,
				A79F328211F039186E5D2162 /* RuntimeTests.swift */,
				A608E88E8CE98FD4E9459CFA /* WatcherTests.swift */,
			);
			path = KiwiOSTests;
			sourceTree = "<group>";
		};
		B1D656B5DE3F2B38D2A59399 = {
			isa = PBXGroup;
			children = (
				43FCFAF3207E0FE11C203983 /* app-icon.icon */,
				91AB0AEA63D51832C3458B47 /* catalog */,
				9770E5B2876C93010320E948 /* plugins */,
				FC1CD91ED112AFB4815DF47D /* KiwiOS */,
				B0F84790EF341CB1B8541F43 /* KiwiOSTests */,
				85046B06ABD3D57E9BCBDD1E /* Products */,
			);
			sourceTree = "<group>";
		};
		FC1CD91ED112AFB4815DF47D /* KiwiOS */ = {
			isa = PBXGroup;
			children = (
				95ADCBF900B92EE881FBF427 /* HostDoctor.swift */,
				85450F213B7D38822F2A8021 /* HubIntegrations.swift */,
				2FB72927288A3AEF26A09017 /* HubPresentation.swift */,
				594C1771CBF0E7B4580C1522 /* HubRemote.swift */,
				59782C166183299A221E0A8B /* HubRuntime.swift */,
				1510FFE07F263B0B0F1F4313 /* HubSettingsView.swift */,
				82B07E50E74B46D1B0C24FB5 /* JobQueue.swift */,
				6B3056A09229B102CF74591D /* KiwiOSApp.swift */,
				17E93AB49A07A70716CB7132 /* NativeCapabilities.swift */,
				25F71E7F8F672A33E59EEE7F /* Persistence.swift */,
				4CB1B98A7F75B672786150E8 /* PluginCatalog.swift */,
				66F07AA66ACE80EE64BE9B2F /* PluginConfigSchema.swift */,
				5C47B8370498E743C0E4C8CE /* PluginConfiguration.swift */,
				1EE2D12A3FFAD9A72ABE36A2 /* PluginContentView.swift */,
				027742968FDE49F4D3116E31 /* PluginContracts.swift */,
				37F47A0E9551777CA7459FAE /* PluginDiscovery.swift */,
				E39E16C4C7E74259DC4AF04A /* PluginInstaller.swift */,
				FFB43AED45605BE0AEA4B416 /* PluginManagementView.swift */,
				04963A16F368B506B6DC1DD9 /* PluginManifest.swift */,
				89E6CE20556E7DC65AB45AC7 /* PluginMarketplaceView.swift */,
				E427BC5710BD9D2BD75A7C77 /* PluginPolicy.swift */,
				B1C3231A4FE65010F4A5F618 /* RemoteAccessPanel.swift */,
				57DA0D76F0E982E9BF06F4F6 /* RemoteSecurity.swift */,
				95926081BA99F4CEE1C036A0 /* RemoteServer.swift */,
				2E7256EE2DB7EACFE92CDD81 /* Runtime.swift */,
				0BA53479E7A50E785653D880 /* TailscaleService.swift */,
				C728B89FB7420C5353A4C8AE /* Watcher.swift */,
				61F441D2631DA2845758BAD0 /* Web */,
			);
			path = KiwiOS;
			sourceTree = "<group>";
		};
/* End PBXGroup section */

/* Begin PBXNativeTarget section */
		038F37A48AC7AB5479D5B297 /* KiwiOS */ = {
			isa = PBXNativeTarget;
			buildConfigurationList = 7343E0860C3BB034836DDA01 /* Build configuration list for PBXNativeTarget "KiwiOS" */;
			buildPhases = (
				B955313EC25C7D33E4DC21F4 /* Sources */,
				C08AC3A4F3634F398014304B /* Resources */,
				EE97BB124F3155B1243D9B10 /* Frameworks */,
			);
			buildRules = (
			);
			dependencies = (
			);
			name = KiwiOS;
			packageProductDependencies = (
				F8A4BB9B6DF7D64EDAB87A38 /* Hummingbird */,
				1F1CA38591B3D2A7B5446FB5 /* GRDB */,
				9308985B7C41FDD90F9B4FA5 /* Subprocess */,
				82C00C3B95129F44AFC39F27 /* TOMLDecoder */,
			);
			productName = KiwiOS;
			productReference = EFA05AE9A34304E309E73BB3 /* KiwiOS.app */;
			productType = "com.apple.product-type.application";
		};
		A1C13E51663D6E2BF3433855 /* KiwiOSTests */ = {
			isa = PBXNativeTarget;
			buildConfigurationList = 4DDC301F50BE9F51E6895242 /* Build configuration list for PBXNativeTarget "KiwiOSTests" */;
			buildPhases = (
				F1D07384F71DD1BC0BE61BD3 /* Sources */,
			);
			buildRules = (
			);
			dependencies = (
				A600F161C5B0BDEDF4C99FE5 /* PBXTargetDependency */,
			);
			name = KiwiOSTests;
			packageProductDependencies = (
			);
			productName = KiwiOSTests;
			productReference = E6ADF401BBDC57A95EC16E04 /* KiwiOSTests.xctest */;
			productType = "com.apple.product-type.bundle.unit-test";
		};
/* End PBXNativeTarget section */

/* Begin PBXProject section */
		AD52FCDAFC7F01D3843AA410 /* Project object */ = {
			isa = PBXProject;
			attributes = {
				BuildIndependentTargetsInParallel = YES;
				LastUpgradeCheck = 2700;
				TargetAttributes = {
					038F37A48AC7AB5479D5B297 = {
						ProvisioningStyle = Automatic;
					};
				};
			};
			buildConfigurationList = 5B05BEC32F7C9FC15C386185 /* Build configuration list for PBXProject "KiwiOS" */;
			developmentRegion = en;
			hasScannedForEncodings = 0;
			knownRegions = (
				Base,
				en,
			);
			mainGroup = B1D656B5DE3F2B38D2A59399;
			minimizedProjectReferenceProxies = 1;
			packageReferences = (
				5BF52B956726913BDA622828 /* XCRemoteSwiftPackageReference "GRDB.swift" */,
				361E4134EF6B8CD61CCFA0F8 /* XCRemoteSwiftPackageReference "hummingbird" */,
				04E5E333CCF908156B31585F /* XCRemoteSwiftPackageReference "swift-subprocess" */,
				75E23F30C2FC6B7C16297DFF /* XCRemoteSwiftPackageReference "TOMLDecoder" */,
			);
			preferredProjectObjectVersion = 77;
			productRefGroup = 85046B06ABD3D57E9BCBDD1E /* Products */;
			projectDirPath = "";
			projectRoot = "";
			targets = (
				038F37A48AC7AB5479D5B297 /* KiwiOS */,
				A1C13E51663D6E2BF3433855 /* KiwiOSTests */,
			);
		};
/* End PBXProject section */

/* Begin PBXResourcesBuildPhase section */
		C08AC3A4F3634F398014304B /* Resources */ = {
			isa = PBXResourcesBuildPhase;
			buildActionMask = 2147483647;
			files = (
				D56C30418B862E4BABB1D30D /* Web in Resources */,
				A84134F204EE2FCABA317739 /* app-icon.icon in Resources */,
				18A22C518AAC88BF15680B7D /* catalog in Resources */,
				3968916EFEA60116ED8CA63E /* plugins in Resources */,
			);
			runOnlyForDeploymentPostprocessing = 0;
		};
/* End PBXResourcesBuildPhase section */

/* Begin PBXSourcesBuildPhase section */
		B955313EC25C7D33E4DC21F4 /* Sources */ = {
			isa = PBXSourcesBuildPhase;
			buildActionMask = 2147483647;
			files = (
				CA299375462EE2B958989545 /* HostDoctor.swift in Sources */,
				C889E1BBF2B8CE4EC00232BE /* HubIntegrations.swift in Sources */,
				256C07C2234E8748C3CB58DF /* HubPresentation.swift in Sources */,
				10002320F984A8A66E47071E /* HubRemote.swift in Sources */,
				72A292086BC3CCA8D4DA3887 /* HubRuntime.swift in Sources */,
				992BF122FAAA776B9FF60E85 /* HubSettingsView.swift in Sources */,
				8A1BBB812637590442D1FD97 /* JobQueue.swift in Sources */,
				0FE1116E1212D6A73DE534C7 /* KiwiOSApp.swift in Sources */,
				0E8424D8B1E553034B777184 /* NativeCapabilities.swift in Sources */,
				AC267A0C1D5979D13AEE8344 /* Persistence.swift in Sources */,
				4268653B4FAF4705D595B7D4 /* PluginCatalog.swift in Sources */,
				EE76F856DCD99C52308EB2C7 /* PluginConfigSchema.swift in Sources */,
				1C3EFEDE94DA2FBE3F5CD8C4 /* PluginConfiguration.swift in Sources */,
				91DD08A8D4837ED308035DC7 /* PluginContentView.swift in Sources */,
				35CF8D49B39DFA05E0EC5EF7 /* PluginContracts.swift in Sources */,
				AFA2B318D781D734F5A49EEF /* PluginDiscovery.swift in Sources */,
				69A09016CAD16E2910561818 /* PluginInstaller.swift in Sources */,
				E5634E743756B0C8368E84AC /* PluginManagementView.swift in Sources */,
				A6610303B05CA61616A05352 /* PluginManifest.swift in Sources */,
				02CA12748FB8F4A4C2C06074 /* PluginMarketplaceView.swift in Sources */,
				183896FA7C4DBFE188A20E52 /* PluginPolicy.swift in Sources */,
				2804714BBB3FDB54F774FD12 /* RemoteAccessPanel.swift in Sources */,
				02AF4B1B278F4C94875598F9 /* RemoteSecurity.swift in Sources */,
				DE7ECAC3E424BFE00C8A9D50 /* RemoteServer.swift in Sources */,
				628009FEE273526A34ECDCCE /* Runtime.swift in Sources */,
				E07A5FB411986C8431A340A2 /* TailscaleService.swift in Sources */,
				EB10A507E979B2DB6D1B1852 /* Watcher.swift in Sources */,
			);
			runOnlyForDeploymentPostprocessing = 0;
		};
		F1D07384F71DD1BC0BE61BD3 /* Sources */ = {
			isa = PBXSourcesBuildPhase;
			buildActionMask = 2147483647;
			files = (
				B23D6EEEBB614059D9FD2435 /* ManifestContractCompletionTests.swift in Sources */,
				CB8B73C148B0E1DBB8782BC7 /* ManifestValidationTests.swift in Sources */,
				797EC3EAC0744FB0BB5E2388 /* RuntimeTests.swift in Sources */,
				65071EC248D395B662385171 /* WatcherTests.swift in Sources */,
			);
			runOnlyForDeploymentPostprocessing = 0;
		};
/* End PBXSourcesBuildPhase section */

/* Begin PBXTargetDependency section */
		A600F161C5B0BDEDF4C99FE5 /* PBXTargetDependency */ = {
			isa = PBXTargetDependency;
			target = 038F37A48AC7AB5479D5B297 /* KiwiOS */;
			targetProxy = 223523D9CE58B77A18B6900B /* PBXContainerItemProxy */;
		};
/* End PBXTargetDependency section */

/* Begin XCBuildConfiguration section */
		50CD43FE445BA99E2FB1778F /* Release */ = {
			isa = XCBuildConfiguration;
			buildSettings = {
				BUNDLE_LOADER = "$(TEST_HOST)";
				COMBINE_HIDPI_IMAGES = YES;
				GENERATE_INFOPLIST_FILE = YES;
				LD_RUNPATH_SEARCH_PATHS = (
					"$(inherited)",
					"@executable_path/../Frameworks",
					"@loader_path/../Frameworks",
				);
				PRODUCT_BUNDLE_IDENTIFIER = app.KiwiOSTests;
				SDKROOT = macosx;
				TEST_HOST = "$(BUILT_PRODUCTS_DIR)/KiwiOS.app/Contents/MacOS/KiwiOS";
			};
			name = Release;
		};
		760BCF324274BCD9D0BF6C92 /* Release */ = {
			isa = XCBuildConfiguration;
			buildSettings = {
				ASSETCATALOG_COMPILER_APPICON_NAME = "app-icon";
				CODE_SIGN_STYLE = Automatic;
				COMBINE_HIDPI_IMAGES = YES;
				ENABLE_APP_SANDBOX = NO;
				ENABLE_HARDENED_RUNTIME = YES;
				GENERATE_INFOPLIST_FILE = YES;
				INFOPLIST_KEY_CFBundleDisplayName = KiwiOS;
				INFOPLIST_KEY_LSUIElement = YES;
				INFOPLIST_KEY_LSApplicationCategoryType = "public.app-category.utilities";
				INFOPLIST_KEY_NSHighResolutionCapable = YES;
				INFOPLIST_KEY_NSRemovableVolumesUsageDescription = "KiwiOS reads drive health and capacity for plugins you add.";
				LD_RUNPATH_SEARCH_PATHS = (
					"$(inherited)",
					"@executable_path/../Frameworks",
				);
				PRODUCT_BUNDLE_IDENTIFIER = app.kiwios;
				PRODUCT_NAME = KiwiOS;
				SDKROOT = macosx;
				SWIFT_EMIT_LOC_STRINGS = YES;
			};
			name = Release;
		};
		AF5CD3D2BE05B138E2F721C6 /* Debug */ = {
			isa = XCBuildConfiguration;
			buildSettings = {
				ALWAYS_SEARCH_USER_PATHS = NO;
				CLANG_ANALYZER_NONNULL = YES;
				CLANG_ANALYZER_NUMBER_OBJECT_CONVERSION = YES_AGGRESSIVE;
				CLANG_CXX_LANGUAGE_STANDARD = "gnu++14";
				CLANG_CXX_LIBRARY = "libc++";
				CLANG_ENABLE_MODULES = YES;
				CLANG_ENABLE_OBJC_ARC = YES;
				CLANG_ENABLE_OBJC_WEAK = YES;
				CLANG_WARN_BLOCK_CAPTURE_AUTORELEASING = YES;
				CLANG_WARN_BOOL_CONVERSION = YES;
				CLANG_WARN_COMMA = YES;
				CLANG_WARN_CONSTANT_CONVERSION = YES;
				CLANG_WARN_DEPRECATED_OBJC_IMPLEMENTATIONS = YES;
				CLANG_WARN_DIRECT_OBJC_ISA_USAGE = YES_ERROR;
				CLANG_WARN_DOCUMENTATION_COMMENTS = YES;
				CLANG_WARN_EMPTY_BODY = YES;
				CLANG_WARN_ENUM_CONVERSION = YES;
				CLANG_WARN_INFINITE_RECURSION = YES;
				CLANG_WARN_INT_CONVERSION = YES;
				CLANG_WARN_NON_LITERAL_NULL_CONVERSION = YES;
				CLANG_WARN_OBJC_IMPLICIT_RETAIN_SELF = YES;
				CLANG_WARN_OBJC_LITERAL_CONVERSION = YES;
				CLANG_WARN_OBJC_ROOT_CLASS = YES_ERROR;
				CLANG_WARN_QUOTED_INCLUDE_IN_FRAMEWORK_HEADER = YES;
				CLANG_WARN_RANGE_LOOP_ANALYSIS = YES;
				CLANG_WARN_STRICT_PROTOTYPES = YES;
				CLANG_WARN_SUSPICIOUS_MOVE = YES;
				CLANG_WARN_UNGUARDED_AVAILABILITY = YES_AGGRESSIVE;
				CLANG_WARN_UNREACHABLE_CODE = YES;
				CLANG_WARN__DUPLICATE_METHOD_MATCH = YES;
				COPY_PHASE_STRIP = NO;
				CURRENT_PROJECT_VERSION = 1;
				DEBUG_INFORMATION_FORMAT = dwarf;
				ENABLE_STRICT_OBJC_MSGSEND = YES;
				ENABLE_TESTABILITY = YES;
				GCC_C_LANGUAGE_STANDARD = gnu11;
				GCC_DYNAMIC_NO_PIC = NO;
				GCC_NO_COMMON_BLOCKS = YES;
				GCC_OPTIMIZATION_LEVEL = 0;
				GCC_PREPROCESSOR_DEFINITIONS = (
					"$(inherited)",
					"DEBUG=1",
				);
				GCC_WARN_64_TO_32_BIT_CONVERSION = YES;
				GCC_WARN_ABOUT_RETURN_TYPE = YES_ERROR;
				GCC_WARN_UNDECLARED_SELECTOR = YES;
				GCC_WARN_UNINITIALIZED_AUTOS = YES_AGGRESSIVE;
				GCC_WARN_UNUSED_FUNCTION = YES;
				GCC_WARN_UNUSED_VARIABLE = YES;
				MACOSX_DEPLOYMENT_TARGET = 15.0;
				MARKETING_VERSION = 0.1.0;
				MTL_ENABLE_DEBUG_INFO = INCLUDE_SOURCE;
				MTL_FAST_MATH = YES;
				ONLY_ACTIVE_ARCH = YES;
				PRODUCT_NAME = "$(TARGET_NAME)";
				SDKROOT = macosx;
				SWIFT_ACTIVE_COMPILATION_CONDITIONS = DEBUG;
				SWIFT_OPTIMIZATION_LEVEL = "-Onone";
				SWIFT_VERSION = 6.0;
			};
			name = Debug;
		};
		EF03D33A8D58F9C421245B5A /* Release */ = {
			isa = XCBuildConfiguration;
			buildSettings = {
				ALWAYS_SEARCH_USER_PATHS = NO;
				CLANG_ANALYZER_NONNULL = YES;
				CLANG_ANALYZER_NUMBER_OBJECT_CONVERSION = YES_AGGRESSIVE;
				CLANG_CXX_LANGUAGE_STANDARD = "gnu++14";
				CLANG_CXX_LIBRARY = "libc++";
				CLANG_ENABLE_MODULES = YES;
				CLANG_ENABLE_OBJC_ARC = YES;
				CLANG_ENABLE_OBJC_WEAK = YES;
				CLANG_WARN_BLOCK_CAPTURE_AUTORELEASING = YES;
				CLANG_WARN_BOOL_CONVERSION = YES;
				CLANG_WARN_COMMA = YES;
				CLANG_WARN_CONSTANT_CONVERSION = YES;
				CLANG_WARN_DEPRECATED_OBJC_IMPLEMENTATIONS = YES;
				CLANG_WARN_DIRECT_OBJC_ISA_USAGE = YES_ERROR;
				CLANG_WARN_DOCUMENTATION_COMMENTS = YES;
				CLANG_WARN_EMPTY_BODY = YES;
				CLANG_WARN_ENUM_CONVERSION = YES;
				CLANG_WARN_INFINITE_RECURSION = YES;
				CLANG_WARN_INT_CONVERSION = YES;
				CLANG_WARN_NON_LITERAL_NULL_CONVERSION = YES;
				CLANG_WARN_OBJC_IMPLICIT_RETAIN_SELF = YES;
				CLANG_WARN_OBJC_LITERAL_CONVERSION = YES;
				CLANG_WARN_OBJC_ROOT_CLASS = YES_ERROR;
				CLANG_WARN_QUOTED_INCLUDE_IN_FRAMEWORK_HEADER = YES;
				CLANG_WARN_RANGE_LOOP_ANALYSIS = YES;
				CLANG_WARN_STRICT_PROTOTYPES = YES;
				CLANG_WARN_SUSPICIOUS_MOVE = YES;
				CLANG_WARN_UNGUARDED_AVAILABILITY = YES_AGGRESSIVE;
				CLANG_WARN_UNREACHABLE_CODE = YES;
				CLANG_WARN__DUPLICATE_METHOD_MATCH = YES;
				COPY_PHASE_STRIP = NO;
				CURRENT_PROJECT_VERSION = 1;
				DEBUG_INFORMATION_FORMAT = "dwarf-with-dsym";
				ENABLE_NS_ASSERTIONS = NO;
				ENABLE_STRICT_OBJC_MSGSEND = YES;
				GCC_C_LANGUAGE_STANDARD = gnu11;
				GCC_NO_COMMON_BLOCKS = YES;
				GCC_WARN_64_TO_32_BIT_CONVERSION = YES;
				GCC_WARN_ABOUT_RETURN_TYPE = YES_ERROR;
				GCC_WARN_UNDECLARED_SELECTOR = YES;
				GCC_WARN_UNINITIALIZED_AUTOS = YES_AGGRESSIVE;
				GCC_WARN_UNUSED_FUNCTION = YES;
				GCC_WARN_UNUSED_VARIABLE = YES;
				MACOSX_DEPLOYMENT_TARGET = 15.0;
				MARKETING_VERSION = 0.1.0;
				MTL_ENABLE_DEBUG_INFO = NO;
				MTL_FAST_MATH = YES;
				PRODUCT_NAME = "$(TARGET_NAME)";
				SDKROOT = macosx;
				SWIFT_COMPILATION_MODE = wholemodule;
				SWIFT_OPTIMIZATION_LEVEL = "-O";
				SWIFT_VERSION = 6.0;
			};
			name = Release;
		};
		F6B0B277FC8DBAFEE49132B5 /* Debug */ = {
			isa = XCBuildConfiguration;
			buildSettings = {
				BUNDLE_LOADER = "$(TEST_HOST)";
				COMBINE_HIDPI_IMAGES = YES;
				GENERATE_INFOPLIST_FILE = YES;
				LD_RUNPATH_SEARCH_PATHS = (
					"$(inherited)",
					"@executable_path/../Frameworks",
					"@loader_path/../Frameworks",
				);
				PRODUCT_BUNDLE_IDENTIFIER = app.KiwiOSTests;
				SDKROOT = macosx;
				TEST_HOST = "$(BUILT_PRODUCTS_DIR)/KiwiOS.app/Contents/MacOS/KiwiOS";
			};
			name = Debug;
		};
		FBC85201D79D2B35D4254AFC /* Debug */ = {
			isa = XCBuildConfiguration;
			buildSettings = {
				ASSETCATALOG_COMPILER_APPICON_NAME = "app-icon";
				CODE_SIGN_STYLE = Automatic;
				COMBINE_HIDPI_IMAGES = YES;
				ENABLE_APP_SANDBOX = NO;
				ENABLE_HARDENED_RUNTIME = YES;
				GENERATE_INFOPLIST_FILE = YES;
				INFOPLIST_KEY_CFBundleDisplayName = KiwiOS;
				INFOPLIST_KEY_LSUIElement = YES;
				INFOPLIST_KEY_LSApplicationCategoryType = "public.app-category.utilities";
				INFOPLIST_KEY_NSHighResolutionCapable = YES;
				INFOPLIST_KEY_NSRemovableVolumesUsageDescription = "KiwiOS reads drive health and capacity for plugins you add.";
				LD_RUNPATH_SEARCH_PATHS = (
					"$(inherited)",
					"@executable_path/../Frameworks",
				);
				PRODUCT_BUNDLE_IDENTIFIER = app.kiwios;
				PRODUCT_NAME = KiwiOS;
				SDKROOT = macosx;
				SWIFT_EMIT_LOC_STRINGS = YES;
			};
			name = Debug;
		};
/* End XCBuildConfiguration section */

/* Begin XCConfigurationList section */
		4DDC301F50BE9F51E6895242 /* Build configuration list for PBXNativeTarget "KiwiOSTests" */ = {
			isa = XCConfigurationList;
			buildConfigurations = (
				F6B0B277FC8DBAFEE49132B5 /* Debug */,
				50CD43FE445BA99E2FB1778F /* Release */,
			);
			defaultConfigurationIsVisible = 0;
			defaultConfigurationName = Debug;
		};
		5B05BEC32F7C9FC15C386185 /* Build configuration list for PBXProject "KiwiOS" */ = {
			isa = XCConfigurationList;
			buildConfigurations = (
				AF5CD3D2BE05B138E2F721C6 /* Debug */,
				EF03D33A8D58F9C421245B5A /* Release */,
			);
			defaultConfigurationIsVisible = 0;
			defaultConfigurationName = Debug;
		};
		7343E0860C3BB034836DDA01 /* Build configuration list for PBXNativeTarget "KiwiOS" */ = {
			isa = XCConfigurationList;
			buildConfigurations = (
				FBC85201D79D2B35D4254AFC /* Debug */,
				760BCF324274BCD9D0BF6C92 /* Release */,
			);
			defaultConfigurationIsVisible = 0;
			defaultConfigurationName = Debug;
		};
/* End XCConfigurationList section */

/* Begin XCRemoteSwiftPackageReference section */
		04E5E333CCF908156B31585F /* XCRemoteSwiftPackageReference "swift-subprocess" */ = {
			isa = XCRemoteSwiftPackageReference;
			repositoryURL = "https://github.com/swiftlang/swift-subprocess.git";
			requirement = {
				kind = exactVersion;
				version = 1.0.0;
			};
		};
		361E4134EF6B8CD61CCFA0F8 /* XCRemoteSwiftPackageReference "hummingbird" */ = {
			isa = XCRemoteSwiftPackageReference;
			repositoryURL = "https://github.com/hummingbird-project/hummingbird.git";
			requirement = {
				kind = exactVersion;
				version = 2.26.0;
			};
		};
		5BF52B956726913BDA622828 /* XCRemoteSwiftPackageReference "GRDB.swift" */ = {
			isa = XCRemoteSwiftPackageReference;
			repositoryURL = "https://github.com/groue/GRDB.swift.git";
			requirement = {
				kind = exactVersion;
				version = 7.10.0;
			};
		};
		75E23F30C2FC6B7C16297DFF /* XCRemoteSwiftPackageReference "TOMLDecoder" */ = {
			isa = XCRemoteSwiftPackageReference;
			repositoryURL = "https://github.com/dduan/TOMLDecoder.git";
			requirement = {
				kind = exactVersion;
				version = 0.4.5;
			};
		};
/* End XCRemoteSwiftPackageReference section */

/* Begin XCSwiftPackageProductDependency section */
		1F1CA38591B3D2A7B5446FB5 /* GRDB */ = {
			isa = XCSwiftPackageProductDependency;
			package = 5BF52B956726913BDA622828 /* XCRemoteSwiftPackageReference "GRDB.swift" */;
			productName = GRDB;
		};
		82C00C3B95129F44AFC39F27 /* TOMLDecoder */ = {
			isa = XCSwiftPackageProductDependency;
			package = 75E23F30C2FC6B7C16297DFF /* XCRemoteSwiftPackageReference "TOMLDecoder" */;
			productName = TOMLDecoder;
		};
		9308985B7C41FDD90F9B4FA5 /* Subprocess */ = {
			isa = XCSwiftPackageProductDependency;
			package = 04E5E333CCF908156B31585F /* XCRemoteSwiftPackageReference "swift-subprocess" */;
			productName = Subprocess;
		};
		F8A4BB9B6DF7D64EDAB87A38 /* Hummingbird */ = {
			isa = XCSwiftPackageProductDependency;
			package = 361E4134EF6B8CD61CCFA0F8 /* XCRemoteSwiftPackageReference "hummingbird" */;
			productName = Hummingbird;
		};
/* End XCSwiftPackageProductDependency section */
	};
	rootObject = AD52FCDAFC7F01D3843AA410 /* Project object */;
}
